// !$*UTF8*$!
{
	archiveVersion = 1;
	classes = {
	};
	objectVersion = 46;
	objects = {

/* Begin PBXBuildFile section */
		0D016E3C1B517FDB001AE58A /* AlbumCollectionViewCell.swift in Sources */ = {isa = PBXBuildFile; fileRef = 0D016E3B1B517FDB001AE58A /* AlbumCollectionViewCell.swift */; };
		0D016E3E1B5180E6001AE58A /* AlbumViewModel.swift in Sources */ = {isa = PBXBuildFile; fileRef = 0D016E3D1B5180E6001AE58A /* AlbumViewModel.swift */; };
		0D016E401B5191D2001AE58A /* AlbumViewController.swift in Sources */ = {isa = PBXBuildFile; fileRef = 0D016E3F1B5191D2001AE58A /* AlbumViewController.swift */; };
		0D2458A71B6D69F0006BCF10 /* TrackListHeaderView.swift in Sources */ = {isa = PBXBuildFile; fileRef = 0D2458A61B6D69F0006BCF10 /* TrackListHeaderView.swift */; };
		0D401F581B19F74B00E203B0 /* AppDelegate.swift in Sources */ = {isa = PBXBuildFile; fileRef = 0D401F571B19F74B00E203B0 /* AppDelegate.swift */; };
		0D401F5F1B19F74B00E203B0 /* Images.xcassets in Resources */ = {isa = PBXBuildFile; fileRef = 0D401F5E1B19F74B00E203B0 /* Images.xcassets */; };
		0D401F621B19F74B00E203B0 /* LaunchScreen.xib in Resources */ = {isa = PBXBuildFile; fileRef = 0D401F601B19F74B00E203B0 /* LaunchScreen.xib */; };
		0D401F6E1B19F74B00E203B0 /* LongplayTests.swift in Sources */ = {isa = PBXBuildFile; fileRef = 0D401F6D1B19F74B00E203B0 /* LongplayTests.swift */; };
		0D401F7A1B19F7D600E203B0 /* LoginViewController.swift in Sources */ = {isa = PBXBuildFile; fileRef = 0D401F791B19F7D600E203B0 /* LoginViewController.swift */; };
		0D47959D1B596A7600DAD91E /* AlbumPlayback.swift in Sources */ = {isa = PBXBuildFile; fileRef = 0DB7A86B1B595978005AF0ED /* AlbumPlayback.swift */; };
		0D4D6F491B504C5D00F1E576 /* Spotify.framework in Frameworks */ = {isa = PBXBuildFile; fileRef = 0D4D6F481B504C5D00F1E576 /* Spotify.framework */; };
		0D4D6F4B1B504E2600F1E576 /* MasterViewController.swift in Sources */ = {isa = PBXBuildFile; fileRef = 0D4D6F4A1B504E2600F1E576 /* MasterViewController.swift */; };
		0D4D6F4F1B504E4E00F1E576 /* PlayerViewController.swift in Sources */ = {isa = PBXBuildFile; fileRef = 0D4D6F4E1B504E4E00F1E576 /* PlayerViewController.swift */; };
		0D4D6F511B504E6C00F1E576 /* BrowserNavigationController.swift in Sources */ = {isa = PBXBuildFile; fileRef = 0D4D6F501B504E6C00F1E576 /* BrowserNavigationController.swift */; };
		0D5E9A2F1B6448CD0035B63F /* albumData.plist in Resources */ = {isa = PBXBuildFile; fileRef = 0D5E9A2E1B6448CD0035B63F /* albumData.plist */; };
		0D61CAB41B681B870097BDC0 /* Frutiger LT 57 Condensed.ttf in Resources */ = {isa = PBXBuildFile; fileRef = 0D61CAB31B681B870097BDC0 /* Frutiger LT 57 Condensed.ttf */; };
		0D77AFB01B7BFA8A00CE5984 /* DataStore.swift in Sources */ = {isa = PBXBuildFile; fileRef = 0D77AFAF1B7BFA8A00CE5984 /* DataStore.swift */; };
		0D8B450A1B657A87000ED72C /* NavigationView.swift in Sources */ = {isa = PBXBuildFile; fileRef = 0D8B45091B657A87000ED72C /* NavigationView.swift */; };
		0D8B45121B67CAA9000ED72C /* Frutiger CE 45 Light.ttf in Resources */ = {isa = PBXBuildFile; fileRef = 0D8B450F1B67CAA9000ED72C /* Frutiger CE 45 Light.ttf */; };
		0D8B45131B67CAA9000ED72C /* Frutiger LT 87 Extra Black Condensed.ttf in Resources */ = {isa = PBXBuildFile; fileRef = 0D8B45101B67CAA9000ED72C /* Frutiger LT 87 Extra Black Condensed.ttf */; };
		0D8B45141B67CAA9000ED72C /* ionicons.ttf in Resources */ = {isa = PBXBuildFile; fileRef = 0D8B45111B67CAA9000ED72C /* ionicons.ttf */; };
		0D8B45161B67CB17000ED72C /* UIFont.swift in Sources */ = {isa = PBXBuildFile; fileRef = 0D8B45151B67CB17000ED72C /* UIFont.swift */; };
		0D8B45181B67CE28000ED72C /* Frutiger CE 65 Bold.ttf in Resources */ = {isa = PBXBuildFile; fileRef = 0D8B45171B67CDE8000ED72C /* Frutiger CE 65 Bold.ttf */; };
		0D8B451C1B67E8BA000ED72C /* AlbumCollectionHeaderView.swift in Sources */ = {isa = PBXBuildFile; fileRef = 0D8B451B1B67E8BA000ED72C /* AlbumCollectionHeaderView.swift */; };
		0D8FB3A41B1A2B3B00A2E91A /* AlbumListViewController.swift in Sources */ = {isa = PBXBuildFile; fileRef = 0D8FB3A31B1A2B3B00A2E91A /* AlbumListViewController.swift */; };
		0D8FB3A61B1A323F00A2E91A /* AVFoundation.framework in Frameworks */ = {isa = PBXBuildFile; fileRef = 0D8FB3A51B1A323E00A2E91A /* AVFoundation.framework */; };
		0D8FB3A81B1A324B00A2E91A /* SystemConfiguration.framework in Frameworks */ = {isa = PBXBuildFile; fileRef = 0D8FB3A71B1A324B00A2E91A /* SystemConfiguration.framework */; };
		0DB7A8681B58122A005AF0ED /* TrackListViewController.swift in Sources */ = {isa = PBXBuildFile; fileRef = 0DB7A8671B58122A005AF0ED /* TrackListViewController.swift */; };
		0DB7A86A1B583C01005AF0ED /* TrackListCollectionViewCell.swift in Sources */ = {isa = PBXBuildFile; fileRef = 0DB7A8691B583C01005AF0ED /* TrackListCollectionViewCell.swift */; };
		0DB7A86C1B595978005AF0ED /* AlbumPlayback.swift in Resources */ = {isa = PBXBuildFile; fileRef = 0DB7A86B1B595978005AF0ED /* AlbumPlayback.swift */; };
		0DC9CB421B5C29ED00EAE84A /* MediaPlayer.framework in Frameworks */ = {isa = PBXBuildFile; fileRef = 0DC9CB411B5C29ED00EAE84A /* MediaPlayer.framework */; };
		0DDC5BD51B7E515C00D692AF /* SpotifySession.swift in Sources */ = {isa = PBXBuildFile; fileRef = 0DDC5BD41B7E515C00D692AF /* SpotifySession.swift */; };
		0DEE7A631B7D249E00792E41 /* LaunchViewController.swift in Sources */ = {isa = PBXBuildFile; fileRef = 0DEE7A621B7D249E00792E41 /* LaunchViewController.swift */; };
		0DEE7A651B7D392600792E41 /* AlbumProgressView.swift in Sources */ = {isa = PBXBuildFile; fileRef = 0DEE7A641B7D392600792E41 /* AlbumProgressView.swift */; };
		0DF0A3501B6C23D50030C3D9 /* UIColor_Helper.swift in Sources */ = {isa = PBXBuildFile; fileRef = 0DF0A34F1B6C23D50030C3D9 /* UIColor_Helper.swift */; };
		0DF1F20D1B73FEE800CC83AB /* TrackListCollectionView.swift in Sources */ = {isa = PBXBuildFile; fileRef = 0DF1F20C1B73FEE800CC83AB /* TrackListCollectionView.swift */; };
		0FF066588D9D565D76F805CD /* Pods.framework in Frameworks */ = {isa = PBXBuildFile; fileRef = F317772594C080FCFF692195 /* Pods.framework */; settings = {ATTRIBUTES = (Weak, ); }; };
/* End PBXBuildFile section */

/* Begin PBXContainerItemProxy section */
		0D401F681B19F74B00E203B0 /* PBXContainerItemProxy */ = {
			isa = PBXContainerItemProxy;
			containerPortal = 0D401F4A1B19F74B00E203B0 /* Project object */;
			proxyType = 1;
			remoteGlobalIDString = 0D401F511B19F74B00E203B0;
			remoteInfo = Longplay;
		};
/* End PBXContainerItemProxy section */

/* Begin PBXFileReference section */
		0D016E3B1B517FDB001AE58A /* AlbumCollectionViewCell.swift */ = {isa = PBXFileReference; fileEncoding = 4; lastKnownFileType = sourcecode.swift; path = AlbumCollectionViewCell.swift; sourceTree = "<group>"; };
		0D016E3D1B5180E6001AE58A /* AlbumViewModel.swift */ = {isa = PBXFileReference; fileEncoding = 4; lastKnownFileType = sourcecode.swift; path = AlbumViewModel.swift; sourceTree = "<group>"; };
		0D016E3F1B5191D2001AE58A /* AlbumViewController.swift */ = {isa = PBXFileReference; fileEncoding = 4; lastKnownFileType = sourcecode.swift; path = AlbumViewController.swift; sourceTree = "<group>"; };
		0D2458A61B6D69F0006BCF10 /* TrackListHeaderView.swift */ = {isa = PBXFileReference; fileEncoding = 4; lastKnownFileType = sourcecode.swift; path = TrackListHeaderView.swift; sourceTree = "<group>"; };
		0D401F521B19F74B00E203B0 /* Longplay.app */ = {isa = PBXFileReference; explicitFileType = wrapper.application; includeInIndex = 0; path = Longplay.app; sourceTree = BUILT_PRODUCTS_DIR; };
		0D401F561B19F74B00E203B0 /* Info.plist */ = {isa = PBXFileReference; lastKnownFileType = text.plist.xml; path = Info.plist; sourceTree = "<group>"; };
		0D401F571B19F74B00E203B0 /* AppDelegate.swift */ = {isa = PBXFileReference; lastKnownFileType = sourcecode.swift; path = AppDelegate.swift; sourceTree = "<group>"; };
		0D401F5E1B19F74B00E203B0 /* Images.xcassets */ = {isa = PBXFileReference; lastKnownFileType = folder.assetcatalog; path = Images.xcassets; sourceTree = "<group>"; };
		0D401F611B19F74B00E203B0 /* Base */ = {isa = PBXFileReference; lastKnownFileType = file.xib; name = Base; path = Base.lproj/LaunchScreen.xib; sourceTree = "<group>"; };
		0D401F671B19F74B00E203B0 /* LongplayTests.xctest */ = {isa = PBXFileReference; explicitFileType = wrapper.cfbundle; includeInIndex = 0; path = LongplayTests.xctest; sourceTree = BUILT_PRODUCTS_DIR; };
		0D401F6C1B19F74B00E203B0 /* Info.plist */ = {isa = PBXFileReference; lastKnownFileType = text.plist.xml; path = Info.plist; sourceTree = "<group>"; };
		0D401F6D1B19F74B00E203B0 /* LongplayTests.swift */ = {isa = PBXFileReference; lastKnownFileType = sourcecode.swift; path = LongplayTests.swift; sourceTree = "<group>"; };
		0D401F791B19F7D600E203B0 /* LoginViewController.swift */ = {isa = PBXFileReference; fileEncoding = 4; lastKnownFileType = sourcecode.swift; path = LoginViewController.swift; sourceTree = "<group>"; };
		0D401F7B1B19FAF700E203B0 /* Longplay-Bridging-Header.h */ = {isa = PBXFileReference; lastKnownFileType = sourcecode.c.h; path = "Longplay-Bridging-Header.h"; sourceTree = "<group>"; };
		0D4D6F481B504C5D00F1E576 /* Spotify.framework */ = {isa = PBXFileReference; lastKnownFileType = wrapper.framework; name = Spotify.framework; path = "lib/ios-sdk/Spotify.framework"; sourceTree = "<group>"; };
		0D4D6F4A1B504E2600F1E576 /* MasterViewController.swift */ = {isa = PBXFileReference; fileEncoding = 4; lastKnownFileType = sourcecode.swift; path = MasterViewController.swift; sourceTree = "<group>"; };
		0D4D6F4E1B504E4E00F1E576 /* PlayerViewController.swift */ = {isa = PBXFileReference; fileEncoding = 4; lastKnownFileType = sourcecode.swift; path = PlayerViewController.swift; sourceTree = "<group>"; };
		0D4D6F501B504E6C00F1E576 /* BrowserNavigationController.swift */ = {isa = PBXFileReference; fileEncoding = 4; lastKnownFileType = sourcecode.swift; path = BrowserNavigationController.swift; sourceTree = "<group>"; };
		0D5E9A2E1B6448CD0035B63F /* albumData.plist */ = {isa = PBXFileReference; fileEncoding = 4; lastKnownFileType = text.plist.xml; path = albumData.plist; sourceTree = "<group>"; };
		0D61CAB31B681B870097BDC0 /* Frutiger LT 57 Condensed.ttf */ = {isa = PBXFileReference; lastKnownFileType = file; path = "Frutiger LT 57 Condensed.ttf"; sourceTree = "<group>"; };
		0D77AFAF1B7BFA8A00CE5984 /* DataStore.swift */ = {isa = PBXFileReference; fileEncoding = 4; lastKnownFileType = sourcecode.swift; path = DataStore.swift; sourceTree = "<group>"; };
		0D8B45091B657A87000ED72C /* NavigationView.swift */ = {isa = PBXFileReference; fileEncoding = 4; lastKnownFileType = sourcecode.swift; path = NavigationView.swift; sourceTree = "<group>"; };
		0D8B450F1B67CAA9000ED72C /* Frutiger CE 45 Light.ttf */ = {isa = PBXFileReference; lastKnownFileType = file; path = "Frutiger CE 45 Light.ttf"; sourceTree = "<group>"; };
		0D8B45101B67CAA9000ED72C /* Frutiger LT 87 Extra Black Condensed.ttf */ = {isa = PBXFileReference; lastKnownFileType = file; path = "Frutiger LT 87 Extra Black Condensed.ttf"; sourceTree = "<group>"; };
		0D8B45111B67CAA9000ED72C /* ionicons.ttf */ = {isa = PBXFileReference; lastKnownFileType = file; path = ionicons.ttf; sourceTree = "<group>"; };
		0D8B45151B67CB17000ED72C /* UIFont.swift */ = {isa = PBXFileReference; fileEncoding = 4; lastKnownFileType = sourcecode.swift; path = UIFont.swift; sourceTree = "<group>"; };
		0D8B45171B67CDE8000ED72C /* Frutiger CE 65 Bold.ttf */ = {isa = PBXFileReference; lastKnownFileType = file; path = "Frutiger CE 65 Bold.ttf"; sourceTree = "<group>"; };
		0D8B451B1B67E8BA000ED72C /* AlbumCollectionHeaderView.swift */ = {isa = PBXFileReference; fileEncoding = 4; lastKnownFileType = sourcecode.swift; path = AlbumCollectionHeaderView.swift; sourceTree = "<group>"; };
		0D8FB3A31B1A2B3B00A2E91A /* AlbumListViewController.swift */ = {isa = PBXFileReference; fileEncoding = 4; lastKnownFileType = sourcecode.swift; path = AlbumListViewController.swift; sourceTree = "<group>"; };
		0D8FB3A51B1A323E00A2E91A /* AVFoundation.framework */ = {isa = PBXFileReference; lastKnownFileType = wrapper.framework; name = AVFoundation.framework; path = System/Library/Frameworks/AVFoundation.framework; sourceTree = SDKROOT; };
		0D8FB3A71B1A324B00A2E91A /* SystemConfiguration.framework */ = {isa = PBXFileReference; lastKnownFileType = wrapper.framework; name = SystemConfiguration.framework; path = System/Library/Frameworks/SystemConfiguration.framework; sourceTree = SDKROOT; };
		0DB7A8671B58122A005AF0ED /* TrackListViewController.swift */ = {isa = PBXFileReference; fileEncoding = 4; lastKnownFileType = sourcecode.swift; path = TrackListViewController.swift; sourceTree = "<group>"; };
		0DB7A8691B583C01005AF0ED /* TrackListCollectionViewCell.swift */ = {isa = PBXFileReference; fileEncoding = 4; lastKnownFileType = sourcecode.swift; path = TrackListCollectionViewCell.swift; sourceTree = "<group>"; };
		0DB7A86B1B595978005AF0ED /* AlbumPlayback.swift */ = {isa = PBXFileReference; fileEncoding = 4; lastKnownFileType = sourcecode.swift; path = AlbumPlayback.swift; sourceTree = "<group>"; };
		0DC9CB411B5C29ED00EAE84A /* MediaPlayer.framework */ = {isa = PBXFileReference; lastKnownFileType = wrapper.framework; name = MediaPlayer.framework; path = System/Library/Frameworks/MediaPlayer.framework; sourceTree = SDKROOT; };
		0DDC5BD41B7E515C00D692AF /* SpotifySession.swift */ = {isa = PBXFileReference; fileEncoding = 4; lastKnownFileType = sourcecode.swift; path = SpotifySession.swift; sourceTree = "<group>"; };
		0DEE7A621B7D249E00792E41 /* LaunchViewController.swift */ = {isa = PBXFileReference; fileEncoding = 4; lastKnownFileType = sourcecode.swift; path = LaunchViewController.swift; sourceTree = "<group>"; };
		0DEE7A641B7D392600792E41 /* AlbumProgressView.swift */ = {isa = PBXFileReference; fileEncoding = 4; lastKnownFileType = sourcecode.swift; path = AlbumProgressView.swift; sourceTree = "<group>"; };
		0DF0A34F1B6C23D50030C3D9 /* UIColor_Helper.swift */ = {isa = PBXFileReference; fileEncoding = 4; lastKnownFileType = sourcecode.swift; path = UIColor_Helper.swift; sourceTree = "<group>"; };
		0DF1F20C1B73FEE800CC83AB /* TrackListCollectionView.swift */ = {isa = PBXFileReference; fileEncoding = 4; lastKnownFileType = sourcecode.swift; path = TrackListCollectionView.swift; sourceTree = "<group>"; };
		128E7C4710B31CF4C8839A0A /* Pods.debug.xcconfig */ = {isa = PBXFileReference; includeInIndex = 1; lastKnownFileType = text.xcconfig; name = Pods.debug.xcconfig; path = "Pods/Target Support Files/Pods/Pods.debug.xcconfig"; sourceTree = "<group>"; };
		90B479A16270620E426BEF19 /* Pods.release.xcconfig */ = {isa = PBXFileReference; includeInIndex = 1; lastKnownFileType = text.xcconfig; name = Pods.release.xcconfig; path = "Pods/Target Support Files/Pods/Pods.release.xcconfig"; sourceTree = "<group>"; };
		F317772594C080FCFF692195 /* Pods.framework */ = {isa = PBXFileReference; explicitFileType = wrapper.framework; includeInIndex = 0; path = Pods.framework; sourceTree = BUILT_PRODUCTS_DIR; };
/* End PBXFileReference section */

/* Begin PBXFrameworksBuildPhase section */
		0D401F4F1B19F74B00E203B0 /* Frameworks */ = {
			isa = PBXFrameworksBuildPhase;
			buildActionMask = 2147483647;
			files = (
				0DC9CB421B5C29ED00EAE84A /* MediaPlayer.framework in Frameworks */,
				0D8FB3A81B1A324B00A2E91A /* SystemConfiguration.framework in Frameworks */,
				0D8FB3A61B1A323F00A2E91A /* AVFoundation.framework in Frameworks */,
				0FF066588D9D565D76F805CD /* Pods.framework in Frameworks */,
				0D4D6F491B504C5D00F1E576 /* Spotify.framework in Frameworks */,
			);
			runOnlyForDeploymentPostprocessing = 0;
		};
		0D401F641B19F74B00E203B0 /* Frameworks */ = {
			isa = PBXFrameworksBuildPhase;
			buildActionMask = 2147483647;
			files = (
			);
			runOnlyForDeploymentPostprocessing = 0;
		};
/* End PBXFrameworksBuildPhase section */

/* Begin PBXGroup section */
		0D401F491B19F74B00E203B0 = {
			isa = PBXGroup;
			children = (
				0D401F541B19F74B00E203B0 /* Longplay */,
				0D401F6A1B19F74B00E203B0 /* LongplayTests */,
				0D401F531B19F74B00E203B0 /* Products */,
				1FFA5AD0A5E1D08008A9BAE8 /* Pods */,
				2FFF4C35CF88296957A40979 /* Frameworks */,
			);
			sourceTree = "<group>";
		};
		0D401F531B19F74B00E203B0 /* Products */ = {
			isa = PBXGroup;
			children = (
				0D401F521B19F74B00E203B0 /* Longplay.app */,
				0D401F671B19F74B00E203B0 /* LongplayTests.xctest */,
			);
			name = Products;
			sourceTree = "<group>";
		};
		0D401F541B19F74B00E203B0 /* Longplay */ = {
			isa = PBXGroup;
			children = (
				0D401F571B19F74B00E203B0 /* AppDelegate.swift */,
				0D77AFAF1B7BFA8A00CE5984 /* DataStore.swift */,
				0DDC5BD41B7E515C00D692AF /* SpotifySession.swift */,
				0D401F5E1B19F74B00E203B0 /* Images.xcassets */,
				0D401F601B19F74B00E203B0 /* LaunchScreen.xib */,
				0D401F7B1B19FAF700E203B0 /* Longplay-Bridging-Header.h */,
				0DD3E61B1B67F4790080ED38 /* Models */,
				0DD3E61A1B67F4760080ED38 /* Controllers */,
				0DD3E6191B67F46F0080ED38 /* Views */,
				0D8B450D1B67CAA9000ED72C /* Resources */,
				0D401F551B19F74B00E203B0 /* Supporting Files */,
			);
			path = Longplay;
			sourceTree = "<group>";
		};
		0D401F551B19F74B00E203B0 /* Supporting Files */ = {
			isa = PBXGroup;
			children = (
				0D401F561B19F74B00E203B0 /* Info.plist */,
			);
			name = "Supporting Files";
			sourceTree = "<group>";
		};
		0D401F6A1B19F74B00E203B0 /* LongplayTests */ = {
			isa = PBXGroup;
			children = (
				0D401F6D1B19F74B00E203B0 /* LongplayTests.swift */,
				0D401F6B1B19F74B00E203B0 /* Supporting Files */,
			);
			path = LongplayTests;
			sourceTree = "<group>";
		};
		0D401F6B1B19F74B00E203B0 /* Supporting Files */ = {
			isa = PBXGroup;
			children = (
				0D401F6C1B19F74B00E203B0 /* Info.plist */,
			);
			name = "Supporting Files";
			sourceTree = "<group>";
		};
		0D8B450D1B67CAA9000ED72C /* Resources */ = {
			isa = PBXGroup;
			children = (
				0D8B450E1B67CAA9000ED72C /* Fonts */,
			);
			path = Resources;
			sourceTree = "<group>";
		};
		0D8B450E1B67CAA9000ED72C /* Fonts */ = {
			isa = PBXGroup;
			children = (
				0D8B450F1B67CAA9000ED72C /* Frutiger CE 45 Light.ttf */,
				0D8B45171B67CDE8000ED72C /* Frutiger CE 65 Bold.ttf */,
				0D61CAB31B681B870097BDC0 /* Frutiger LT 57 Condensed.ttf */,
				0D8B45101B67CAA9000ED72C /* Frutiger LT 87 Extra Black Condensed.ttf */,
				0D8B45111B67CAA9000ED72C /* ionicons.ttf */,
			);
			path = Fonts;
			sourceTree = "<group>";
		};
		0DD3E6191B67F46F0080ED38 /* Views */ = {
			isa = PBXGroup;
			children = (
				0DEE7A641B7D392600792E41 /* AlbumProgressView.swift */,
				0DF1F20C1B73FEE800CC83AB /* TrackListCollectionView.swift */,
				0DF0A34F1B6C23D50030C3D9 /* UIColor_Helper.swift */,
				0D8B45151B67CB17000ED72C /* UIFont.swift */,
				0D8B45091B657A87000ED72C /* NavigationView.swift */,
				0D8B451B1B67E8BA000ED72C /* AlbumCollectionHeaderView.swift */,
				0D016E3B1B517FDB001AE58A /* AlbumCollectionViewCell.swift */,
				0D2458A61B6D69F0006BCF10 /* TrackListHeaderView.swift */,
				0DB7A8691B583C01005AF0ED /* TrackListCollectionViewCell.swift */,
			);
			name = Views;
			sourceTree = "<group>";
		};
		0DD3E61A1B67F4760080ED38 /* Controllers */ = {
			isa = PBXGroup;
			children = (
				0DEE7A621B7D249E00792E41 /* LaunchViewController.swift */,
				0D401F791B19F7D600E203B0 /* LoginViewController.swift */,
				0D4D6F4A1B504E2600F1E576 /* MasterViewController.swift */,
				0D4D6F501B504E6C00F1E576 /* BrowserNavigationController.swift */,
				0D8FB3A31B1A2B3B00A2E91A /* AlbumListViewController.swift */,
				0D016E3F1B5191D2001AE58A /* AlbumViewController.swift */,
				0D4D6F4E1B504E4E00F1E576 /* PlayerViewController.swift */,
				0DB7A86B1B595978005AF0ED /* AlbumPlayback.swift */,
				0DB7A8671B58122A005AF0ED /* TrackListViewController.swift */,
			);
			name = Controllers;
			sourceTree = "<group>";
		};
		0DD3E61B1B67F4790080ED38 /* Models */ = {
			isa = PBXGroup;
			children = (
				0D5E9A2E1B6448CD0035B63F /* albumData.plist */,
				0D016E3D1B5180E6001AE58A /* AlbumViewModel.swift */,
			);
			name = Models;
			sourceTree = "<group>";
		};
		1FFA5AD0A5E1D08008A9BAE8 /* Pods */ = {
			isa = PBXGroup;
			children = (
				128E7C4710B31CF4C8839A0A /* Pods.debug.xcconfig */,
				90B479A16270620E426BEF19 /* Pods.release.xcconfig */,
			);
			name = Pods;
			sourceTree = "<group>";
		};
		2FFF4C35CF88296957A40979 /* Frameworks */ = {
			isa = PBXGroup;
			children = (
				0DC9CB411B5C29ED00EAE84A /* MediaPlayer.framework */,
				0D8FB3A71B1A324B00A2E91A /* SystemConfiguration.framework */,
				0D8FB3A51B1A323E00A2E91A /* AVFoundation.framework */,
				F317772594C080FCFF692195 /* Pods.framework */,
				0D4D6F481B504C5D00F1E576 /* Spotify.framework */,
			);
			name = Frameworks;
			sourceTree = "<group>";
		};
/* End PBXGroup section */

/* Begin PBXNativeTarget section */
		0D401F511B19F74B00E203B0 /* Longplay */ = {
			isa = PBXNativeTarget;
			buildConfigurationList = 0D401F711B19F74B00E203B0 /* Build configuration list for PBXNativeTarget "Longplay" */;
			buildPhases = (
				48D927458407ABFB1A39526D /* Check Pods Manifest.lock */,
				0D401F4E1B19F74B00E203B0 /* Sources */,
				0D401F4F1B19F74B00E203B0 /* Frameworks */,
				0D401F501B19F74B00E203B0 /* Resources */,
				392816E8D3FF94B7A69337B2 /* Copy Pods Resources */,
				B14DCF335B268D775B3F3430 /* Embed Pods Frameworks */,
			);
			buildRules = (
			);
			dependencies = (
			);
			name = Longplay;
			productName = Longplay;
			productReference = 0D401F521B19F74B00E203B0 /* Longplay.app */;
			productType = "com.apple.product-type.application";
		};
		0D401F661B19F74B00E203B0 /* LongplayTests */ = {
			isa = PBXNativeTarget;
			buildConfigurationList = 0D401F741B19F74B00E203B0 /* Build configuration list for PBXNativeTarget "LongplayTests" */;
			buildPhases = (
				0D401F631B19F74B00E203B0 /* Sources */,
				0D401F641B19F74B00E203B0 /* Frameworks */,
				0D401F651B19F74B00E203B0 /* Resources */,
			);
			buildRules = (
			);
			dependencies = (
				0D401F691B19F74B00E203B0 /* PBXTargetDependency */,
			);
			name = LongplayTests;
			productName = LongplayTests;
			productReference = 0D401F671B19F74B00E203B0 /* LongplayTests.xctest */;
			productType = "com.apple.product-type.bundle.unit-test";
		};
/* End PBXNativeTarget section */

/* Begin PBXProject section */
		0D401F4A1B19F74B00E203B0 /* Project object */ = {
			isa = PBXProject;
			attributes = {
				LastUpgradeCheck = 0630;
				ORGANIZATIONNAME = onyenjug;
				TargetAttributes = {
					0D401F511B19F74B00E203B0 = {
						CreatedOnToolsVersion = 6.3;
						SystemCapabilities = {
							com.apple.BackgroundModes = {
								enabled = 1;
							};
						};
					};
					0D401F661B19F74B00E203B0 = {
						CreatedOnToolsVersion = 6.3;
						TestTargetID = 0D401F511B19F74B00E203B0;
					};
				};
			};
			buildConfigurationList = 0D401F4D1B19F74B00E203B0 /* Build configuration list for PBXProject "Longplay" */;
			compatibilityVersion = "Xcode 3.2";
			developmentRegion = English;
			hasScannedForEncodings = 0;
			knownRegions = (
				en,
				Base,
			);
			mainGroup = 0D401F491B19F74B00E203B0;
			productRefGroup = 0D401F531B19F74B00E203B0 /* Products */;
			projectDirPath = "";
			projectRoot = "";
			targets = (
				0D401F511B19F74B00E203B0 /* Longplay */,
				0D401F661B19F74B00E203B0 /* LongplayTests */,
			);
		};
/* End PBXProject section */

/* Begin PBXResourcesBuildPhase section */
		0D401F501B19F74B00E203B0 /* Resources */ = {
			isa = PBXResourcesBuildPhase;
			buildActionMask = 2147483647;
			files = (
				0D5E9A2F1B6448CD0035B63F /* albumData.plist in Resources */,
				0D401F621B19F74B00E203B0 /* LaunchScreen.xib in Resources */,
				0D61CAB41B681B870097BDC0 /* Frutiger LT 57 Condensed.ttf in Resources */,
				0D8B45141B67CAA9000ED72C /* ionicons.ttf in Resources */,
				0D401F5F1B19F74B00E203B0 /* Images.xcassets in Resources */,
				0D8B45121B67CAA9000ED72C /* Frutiger CE 45 Light.ttf in Resources */,
				0D8B45131B67CAA9000ED72C /* Frutiger LT 87 Extra Black Condensed.ttf in Resources */,
				0D8B45181B67CE28000ED72C /* Frutiger CE 65 Bold.ttf in Resources */,
				0DB7A86C1B595978005AF0ED /* AlbumPlayback.swift in Resources */,
			);
			runOnlyForDeploymentPostprocessing = 0;
		};
		0D401F651B19F74B00E203B0 /* Resources */ = {
			isa = PBXResourcesBuildPhase;
			buildActionMask = 2147483647;
			files = (
			);
			runOnlyForDeploymentPostprocessing = 0;
		};
/* End PBXResourcesBuildPhase section */

/* Begin PBXShellScriptBuildPhase section */
		392816E8D3FF94B7A69337B2 /* Copy Pods Resources */ = {
			isa = PBXShellScriptBuildPhase;
			buildActionMask = 2147483647;
			files = (
			);
			inputPaths = (
			);
			name = "Copy Pods Resources";
			outputPaths = (
			);
			runOnlyForDeploymentPostprocessing = 0;
			shellPath = /bin/sh;
			shellScript = "\"${SRCROOT}/Pods/Target Support Files/Pods/Pods-resources.sh\"\n";
			showEnvVarsInLog = 0;
		};
		48D927458407ABFB1A39526D /* Check Pods Manifest.lock */ = {
			isa = PBXShellScriptBuildPhase;
			buildActionMask = 2147483647;
			files = (
			);
			inputPaths = (
			);
			name = "Check Pods Manifest.lock";
			outputPaths = (
			);
			runOnlyForDeploymentPostprocessing = 0;
			shellPath = /bin/sh;
			shellScript = "diff \"${PODS_ROOT}/../Podfile.lock\" \"${PODS_ROOT}/Manifest.lock\" > /dev/null\nif [[ $? != 0 ]] ; then\n    cat << EOM\nerror: The sandbox is not in sync with the Podfile.lock. Run 'pod install' or update your CocoaPods installation.\nEOM\n    exit 1\nfi\n";
			showEnvVarsInLog = 0;
		};
		B14DCF335B268D775B3F3430 /* Embed Pods Frameworks */ = {
			isa = PBXShellScriptBuildPhase;
			buildActionMask = 2147483647;
			files = (
			);
			inputPaths = (
			);
			name = "Embed Pods Frameworks";
			outputPaths = (
			);
			runOnlyForDeploymentPostprocessing = 0;
			shellPath = /bin/sh;
			shellScript = "\"${SRCROOT}/Pods/Target Support Files/Pods/Pods-frameworks.sh\"\n";
			showEnvVarsInLog = 0;
		};
/* End PBXShellScriptBuildPhase section */

/* Begin PBXSourcesBuildPhase section */
		0D401F4E1B19F74B00E203B0 /* Sources */ = {
			isa = PBXSourcesBuildPhase;
			buildActionMask = 2147483647;
			files = (
				0D77AFB01B7BFA8A00CE5984 /* DataStore.swift in Sources */,
				0D4D6F4B1B504E2600F1E576 /* MasterViewController.swift in Sources */,
				0D401F7A1B19F7D600E203B0 /* LoginViewController.swift in Sources */,
				0DF1F20D1B73FEE800CC83AB /* TrackListCollectionView.swift in Sources */,
				0D8FB3A41B1A2B3B00A2E91A /* AlbumListViewController.swift in Sources */,
				0D016E401B5191D2001AE58A /* AlbumViewController.swift in Sources */,
				0D401F581B19F74B00E203B0 /* AppDelegate.swift in Sources */,
				0D8B451C1B67E8BA000ED72C /* AlbumCollectionHeaderView.swift in Sources */,
				0D016E3E1B5180E6001AE58A /* AlbumViewModel.swift in Sources */,
				0D47959D1B596A7600DAD91E /* AlbumPlayback.swift in Sources */,
				0D4D6F511B504E6C00F1E576 /* BrowserNavigationController.swift in Sources */,
				0DEE7A631B7D249E00792E41 /* LaunchViewController.swift in Sources */,
				0D4D6F4F1B504E4E00F1E576 /* PlayerViewController.swift in Sources */,
				0DDC5BD51B7E515C00D692AF /* SpotifySession.swift in Sources */,
				0D8B450A1B657A87000ED72C /* NavigationView.swift in Sources */,
				0DEE7A651B7D392600792E41 /* AlbumProgressView.swift in Sources */,
				0DF0A3501B6C23D50030C3D9 /* UIColor_Helper.swift in Sources */,
				0D8B45161B67CB17000ED72C /* UIFont.swift in Sources */,
				0D2458A71B6D69F0006BCF10 /* TrackListHeaderView.swift in Sources */,
				0DB7A8681B58122A005AF0ED /* TrackListViewController.swift in Sources */,
				0DB7A86A1B583C01005AF0ED /* TrackListCollectionViewCell.swift in Sources */,
				0D016E3C1B517FDB001AE58A /* AlbumCollectionViewCell.swift in Sources */,
			);
			runOnlyForDeploymentPostprocessing = 0;
		};
		0D401F631B19F74B00E203B0 /* Sources */ = {
			isa = PBXSourcesBuildPhase;
			buildActionMask = 2147483647;
			files = (
				0D401F6E1B19F74B00E203B0 /* LongplayTests.swift in Sources */,
			);
			runOnlyForDeploymentPostprocessing = 0;
		};
/* End PBXSourcesBuildPhase section */

/* Begin PBXTargetDependency section */
		0D401F691B19F74B00E203B0 /* PBXTargetDependency */ = {
			isa = PBXTargetDependency;
			target = 0D401F511B19F74B00E203B0 /* Longplay */;
			targetProxy = 0D401F681B19F74B00E203B0 /* PBXContainerItemProxy */;
		};
/* End PBXTargetDependency section */

/* Begin PBXVariantGroup section */
		0D401F601B19F74B00E203B0 /* LaunchScreen.xib */ = {
			isa = PBXVariantGroup;
			children = (
				0D401F611B19F74B00E203B0 /* Base */,
			);
			name = LaunchScreen.xib;
			sourceTree = "<group>";
		};
/* End PBXVariantGroup section */

/* Begin XCBuildConfiguration section */
		0D401F6F1B19F74B00E203B0 /* Debug */ = {
			isa = XCBuildConfiguration;
			buildSettings = {
				ALWAYS_SEARCH_USER_PATHS = NO;
				CLANG_CXX_LANGUAGE_STANDARD = "gnu++0x";
				CLANG_CXX_LIBRARY = "libc++";
				CLANG_ENABLE_MODULES = YES;
				CLANG_ENABLE_OBJC_ARC = YES;
				CLANG_WARN_BOOL_CONVERSION = YES;
				CLANG_WARN_CONSTANT_CONVERSION = YES;
				CLANG_WARN_DIRECT_OBJC_ISA_USAGE = YES_ERROR;
				CLANG_WARN_EMPTY_BODY = YES;
				CLANG_WARN_ENUM_CONVERSION = YES;
				CLANG_WARN_INT_CONVERSION = YES;
				CLANG_WARN_OBJC_ROOT_CLASS = YES_ERROR;
				CLANG_WARN_UNREACHABLE_CODE = YES;
				CLANG_WARN__DUPLICATE_METHOD_MATCH = YES;
				"CODE_SIGN_IDENTITY[sdk=iphoneos*]" = "iPhone Developer";
				COPY_PHASE_STRIP = NO;
				DEBUG_INFORMATION_FORMAT = "dwarf-with-dsym";
				ENABLE_STRICT_OBJC_MSGSEND = YES;
				GCC_C_LANGUAGE_STANDARD = gnu99;
				GCC_DYNAMIC_NO_PIC = NO;
				GCC_NO_COMMON_BLOCKS = YES;
				GCC_OPTIMIZATION_LEVEL = 0;
				GCC_PREPROCESSOR_DEFINITIONS = (
					"DEBUG=1",
					"$(inherited)",
				);
				GCC_SYMBOLS_PRIVATE_EXTERN = NO;
				GCC_WARN_64_TO_32_BIT_CONVERSION = YES;
				GCC_WARN_ABOUT_RETURN_TYPE = YES_ERROR;
				GCC_WARN_UNDECLARED_SELECTOR = YES;
				GCC_WARN_UNINITIALIZED_AUTOS = YES_AGGRESSIVE;
				GCC_WARN_UNUSED_FUNCTION = YES;
				GCC_WARN_UNUSED_VARIABLE = YES;
				IPHONEOS_DEPLOYMENT_TARGET = 8.3;
				MTL_ENABLE_DEBUG_INFO = YES;
				ONLY_ACTIVE_ARCH = YES;
				SDKROOT = iphoneos;
				SWIFT_OPTIMIZATION_LEVEL = "-Onone";
				TARGETED_DEVICE_FAMILY = "1,2";
			};
			name = Debug;
		};
		0D401F701B19F74B00E203B0 /* Release */ = {
			isa = XCBuildConfiguration;
			buildSettings = {
				ALWAYS_SEARCH_USER_PATHS = NO;
				CLANG_CXX_LANGUAGE_STANDARD = "gnu++0x";
				CLANG_CXX_LIBRARY = "libc++";
				CLANG_ENABLE_MODULES = YES;
				CLANG_ENABLE_OBJC_ARC = YES;
				CLANG_WARN_BOOL_CONVERSION = YES;
				CLANG_WARN_CONSTANT_CONVERSION = YES;
				CLANG_WARN_DIRECT_OBJC_ISA_USAGE = YES_ERROR;
				CLANG_WARN_EMPTY_BODY = YES;
				CLANG_WARN_ENUM_CONVERSION = YES;
				CLANG_WARN_INT_CONVERSION = YES;
				CLANG_WARN_OBJC_ROOT_CLASS = YES_ERROR;
				CLANG_WARN_UNREACHABLE_CODE = YES;
				CLANG_WARN__DUPLICATE_METHOD_MATCH = YES;
				"CODE_SIGN_IDENTITY[sdk=iphoneos*]" = "iPhone Developer";
				COPY_PHASE_STRIP = NO;
				DEBUG_INFORMATION_FORMAT = "dwarf-with-dsym";
				ENABLE_NS_ASSERTIONS = NO;
				ENABLE_STRICT_OBJC_MSGSEND = YES;
				GCC_C_LANGUAGE_STANDARD = gnu99;
				GCC_NO_COMMON_BLOCKS = YES;
				GCC_WARN_64_TO_32_BIT_CONVERSION = YES;
				GCC_WARN_ABOUT_RETURN_TYPE = YES_ERROR;
				GCC_WARN_UNDECLARED_SELECTOR = YES;
				GCC_WARN_UNINITIALIZED_AUTOS = YES_AGGRESSIVE;
				GCC_WARN_UNUSED_FUNCTION = YES;
				GCC_WARN_UNUSED_VARIABLE = YES;
				IPHONEOS_DEPLOYMENT_TARGET = 8.3;
				MTL_ENABLE_DEBUG_INFO = NO;
				SDKROOT = iphoneos;
				TARGETED_DEVICE_FAMILY = "1,2";
				VALIDATE_PRODUCT = YES;
			};
			name = Release;
		};
		0D401F721B19F74B00E203B0 /* Debug */ = {
			isa = XCBuildConfiguration;
			baseConfigurationReference = 128E7C4710B31CF4C8839A0A /* Pods.debug.xcconfig */;
			buildSettings = {
				ASSETCATALOG_COMPILER_APPICON_NAME = AppIcon;
				CLANG_ENABLE_MODULES = YES;
				CODE_SIGN_IDENTITY = "iPhone Developer";
				FRAMEWORK_SEARCH_PATHS = (
					"$(inherited)",
					"$(PROJECT_DIR)/lib/ios-sdk",
				);
				INFOPLIST_FILE = Longplay/Info.plist;
				LD_RUNPATH_SEARCH_PATHS = "$(inherited) @executable_path/Frameworks";
				PRODUCT_NAME = "$(TARGET_NAME)";
				SWIFT_OBJC_BRIDGING_HEADER = "Longplay/Longplay-Bridging-Header.h";
				SWIFT_OPTIMIZATION_LEVEL = "-Onone";
			};
			name = Debug;
		};
		0D401F731B19F74B00E203B0 /* Release */ = {
			isa = XCBuildConfiguration;
			baseConfigurationReference = 90B479A16270620E426BEF19 /* Pods.release.xcconfig */;
			buildSettings = {
				ASSETCATALOG_COMPILER_APPICON_NAME = AppIcon;
				CLANG_ENABLE_MODULES = YES;
				CODE_SIGN_IDENTITY = "iPhone Developer";
				FRAMEWORK_SEARCH_PATHS = (
					"$(inherited)",
					"$(PROJECT_DIR)/lib/ios-sdk",
				);
				INFOPLIST_FILE = Longplay/Info.plist;
				LD_RUNPATH_SEARCH_PATHS = "$(inherited) @executable_path/Frameworks";
				PRODUCT_NAME = "$(TARGET_NAME)";
				SWIFT_OBJC_BRIDGING_HEADER = "Longplay/Longplay-Bridging-Header.h";
			};
			name = Release;
		};
		0D401F751B19F74B00E203B0 /* Debug */ = {
			isa = XCBuildConfiguration;
			buildSettings = {
				BUNDLE_LOADER = "$(TEST_HOST)";
				FRAMEWORK_SEARCH_PATHS = (
					"$(SDKROOT)/Developer/Library/Frameworks",
					"$(inherited)",
				);
				GCC_PREPROCESSOR_DEFINITIONS = (
					"DEBUG=1",
					"$(inherited)",
				);
				INFOPLIST_FILE = LongplayTests/Info.plist;
				LD_RUNPATH_SEARCH_PATHS = "$(inherited) @executable_path/Frameworks @loader_path/Frameworks";
				PRODUCT_NAME = "$(TARGET_NAME)";
				TEST_HOST = "$(BUILT_PRODUCTS_DIR)/Longplay.app/Longplay";
			};
			name = Debug;
		};
		0D401F761B19F74B00E203B0 /* Release */ = {
			isa = XCBuildConfiguration;
			buildSettings = {
				BUNDLE_LOADER = "$(TEST_HOST)";
				FRAMEWORK_SEARCH_PATHS = (
					"$(SDKROOT)/Developer/Library/Frameworks",
					"$(inherited)",
				);
				INFOPLIST_FILE = LongplayTests/Info.plist;
				LD_RUNPATH_SEARCH_PATHS = "$(inherited) @executable_path/Frameworks @loader_path/Frameworks";
				PRODUCT_NAME = "$(TARGET_NAME)";
				TEST_HOST = "$(BUILT_PRODUCTS_DIR)/Longplay.app/Longplay";
			};
			name = Release;
		};
/* End XCBuildConfiguration section */

/* Begin XCConfigurationList section */
		0D401F4D1B19F74B00E203B0 /* Build configuration list for PBXProject "Longplay" */ = {
			isa = XCConfigurationList;
			buildConfigurations = (
				0D401F6F1B19F74B00E203B0 /* Debug */,
				0D401F701B19F74B00E203B0 /* Release */,
			);
			defaultConfigurationIsVisible = 0;
			defaultConfigurationName = Release;
		};
		0D401F711B19F74B00E203B0 /* Build configuration list for PBXNativeTarget "Longplay" */ = {
			isa = XCConfigurationList;
			buildConfigurations = (
				0D401F721B19F74B00E203B0 /* Debug */,
				0D401F731B19F74B00E203B0 /* Release */,
			);
			defaultConfigurationIsVisible = 0;
			defaultConfigurationName = Release;
		};
		0D401F741B19F74B00E203B0 /* Build configuration list for PBXNativeTarget "LongplayTests" */ = {
			isa = XCConfigurationList;
			buildConfigurations = (
				0D401F751B19F74B00E203B0 /* Debug */,
				0D401F761B19F74B00E203B0 /* Release */,
			);
			defaultConfigurationIsVisible = 0;
			defaultConfigurationName = Release;
		};
/* End XCConfigurationList section */
	};
	rootObject = 0D401F4A1B19F74B00E203B0 /* Project object */;
}
